
Microsoft Visual Studio Solution File, Format Version 12.00
# Visual Studio Version 17
VisualStudioVersion = 17.9.34622.214
MinimumVisualStudioVersion = 10.0.40219.1
Project("{FAE04EC0-301F-11D3-BF4B-00C04F79EFBC}") = "RoleBasedAuth", "RoleBasedAuth\RoleBasedAuth.csproj", "{169005FE-9DAE-4B70-A65F-10F6BD752C1A}"
EndProject
Global
	GlobalSection(SolutionConfigurationPlatforms) = preSolution
		Debug|Any CPU = Debug|Any CPU
		Release|Any CPU = Release|Any CPU
	EndGlobalSection
	GlobalSection(ProjectConfigurationPlatforms) = postSolution
		{169005FE-9DAE-4B70-A65F-10F6BD752C1A}.Debug|Any CPU.ActiveCfg = Debug|Any CPU
		{169005FE-9DAE-4B70-A65F-10F6BD752C1A}.Debug|Any CPU.Build.0 = Debug|Any CPU
		{169005FE-9DAE-4B70-A65F-10F6BD752C1A}.Release|Any CPU.ActiveCfg = Release|Any CPU
		{169005FE-9DAE-4B70-A65F-10F6BD752C1A}.Release|Any CPU.Build.0 = Release|Any CPU
	EndGlobalSection
	GlobalSection(SolutionProperties) = preSolution
		HideSolutionNode = FALSE
	EndGlobalSection
	GlobalSection(ExtensibilityGlobals) = postSolution
		SolutionGuid = {36625120-B530-466D-8E2C-DD6BD7618F7E}
	EndGlobalSection
EndGlobal
